
Microsoft Visual Studio Solution File, Format Version 12.00
# Visual Studio Version 17
VisualStudioVersion = 17.8.34330.188
MinimumVisualStudioVersion = 10.0.40219.1
Project("{9A19103F-16F7-4668-BE54-9A1E7A4F7556}") = "ConsoleApp2", "ConsoleApp2\ConsoleApp2.csproj", "{5A750D2E-CD05-4A0F-8AAB-CA5A470D328C}"
EndProject
Global
	GlobalSection(SolutionConfigurationPlatforms) = preSolution
		Debug|Any CPU = Debug|Any CPU
		Debug|x64 = Debug|x64
		Release|Any CPU = Release|Any CPU
		Release|x64 = Release|x64
		x64|Any CPU = x64|Any CPU
		x64|x64 = x64|x64
	EndGlobalSection
	GlobalSection(ProjectConfigurationPlatforms) = postSolution
		{5A750D2E-CD05-4A0F-8AAB-CA5A470D328C}.Debug|Any CPU.ActiveCfg = Debug|Any CPU
		{5A750D2E-CD05-4A0F-8AAB-CA5A470D328C}.Debug|Any CPU.Build.0 = Debug|Any CPU
		{5A750D2E-CD05-4A0F-8AAB-CA5A470D328C}.Debug|x64.ActiveCfg = Debug|x64
		{5A750D2E-CD05-4A0F-8AAB-CA5A470D328C}.Debug|x64.Build.0 = Debug|x64
		{5A750D2E-CD05-4A0F-8AAB-CA5A470D328C}.Release|Any CPU.ActiveCfg = Release|Any CPU
		{5A750D2E-CD05-4A0F-8AAB-CA5A470D328C}.Release|Any CPU.Build.0 = Release|Any CPU
		{5A750D2E-CD05-4A0F-8AAB-CA5A470D328C}.Release|x64.ActiveCfg = Release|x64
		{5A750D2E-CD05-4A0F-8AAB-CA5A470D328C}.Release|x64.Build.0 = Release|x64
		{5A750D2E-CD05-4A0F-8AAB-CA5A470D328C}.x64|Any CPU.ActiveCfg = x64|Any CPU
		{5A750D2E-CD05-4A0F-8AAB-CA5A470D328C}.x64|Any CPU.Build.0 = x64|Any CPU
		{5A750D2E-CD05-4A0F-8AAB-CA5A470D328C}.x64|x64.ActiveCfg = x64|x64
		{5A750D2E-CD05-4A0F-8AAB-CA5A470D328C}.x64|x64.Build.0 = x64|x64
	EndGlobalSection
	GlobalSection(SolutionProperties) = preSolution
		HideSolutionNode = FALSE
	EndGlobalSection
	GlobalSection(ExtensibilityGlobals) = postSolution
		SolutionGuid = {5C0BD176-DF09-4C9E-805B-B94C9D36DC66}
	EndGlobalSection
EndGlobal
